
Microsoft Visual Studio Solution File, Format Version 12.00
# Visual Studio Version 17
VisualStudioVersion = 17.8.34316.72
MinimumVisualStudioVersion = 10.0.40219.1
Project("{FAE04EC0-301F-11D3-BF4B-00C04F79EFBC}") = "FindingEqualsNumber", "FindingEqualsNumber.csproj", "{DD233E39-CA12-4D9D-B432-9A9C538B77D5}"
EndProject
Global
	GlobalSection(SolutionConfigurationPlatforms) = preSolution
		Debug|Any CPU = Debug|Any CPU
		Release|Any CPU = Release|Any CPU
	EndGlobalSection
	GlobalSection(ProjectConfigurationPlatforms) = postSolution
		{DD233E39-CA12-4D9D-B432-9A9C538B77D5}.Debug|Any CPU.ActiveCfg = Debug|Any CPU
		{DD233E39-CA12-4D9D-B432-9A9C538B77D5}.Debug|Any CPU.Build.0 = Debug|Any CPU
		{DD233E39-CA12-4D9D-B432-9A9C538B77D5}.Release|Any CPU.ActiveCfg = Release|Any CPU
		{DD233E39-CA12-4D9D-B432-9A9C538B77D5}.Release|Any CPU.Build.0 = Release|Any CPU
	EndGlobalSection
	GlobalSection(SolutionProperties) = preSolution
		HideSolutionNode = FALSE
	EndGlobalSection
	GlobalSection(ExtensibilityGlobals) = postSolution
		SolutionGuid = {525592A2-197D-4A94-9C49-F2FAAD14A41B}
	EndGlobalSection
EndGlobal
